
Microsoft Visual Studio Solution File, Format Version 12.00
# Visual Studio Version 16
VisualStudioVersion = 16.0.31229.75
MinimumVisualStudioVersion = 10.0.40219.1
Project("{FAE04EC0-301F-11D3-BF4B-00C04F79EFBC}") = "MassageStudioLorem", "MassageStudioLorem\MassageStudioLorem.csproj", "{5160E2BB-60D2-4AB2-A181-772D7FAC72BE}"
EndProject
Global
	GlobalSection(SolutionConfigurationPlatforms) = preSolution
		Debug|Any CPU = Debug|Any CPU
		Release|Any CPU = Release|Any CPU
	EndGlobalSection
	GlobalSection(ProjectConfigurationPlatforms) = postSolution
		{5160E2BB-60D2-4AB2-A181-772D7FAC72BE}.Debug|Any CPU.ActiveCfg = Debug|Any CPU
		{5160E2BB-60D2-4AB2-A181-772D7FAC72BE}.Debug|Any CPU.Build.0 = Debug|Any CPU
		{5160E2BB-60D2-4AB2-A181-772D7FAC72BE}.Release|Any CPU.ActiveCfg = Release|Any CPU
		{5160E2BB-60D2-4AB2-A181-772D7FAC72BE}.Release|Any CPU.Build.0 = Release|Any CPU
	EndGlobalSection
	GlobalSection(SolutionProperties) = preSolution
		HideSolutionNode = FALSE
	EndGlobalSection
	GlobalSection(ExtensibilityGlobals) = postSolution
		SolutionGuid = {42B29F12-4194-4744-9B18-108F61F3132A}
	EndGlobalSection
EndGlobal
